
Microsoft Visual Studio Solution File, Format Version 12.00
# Visual Studio Version 17
VisualStudioVersion = 17.10.34916.146
MinimumVisualStudioVersion = 10.0.40219.1
Project("{FAE04EC0-301F-11D3-BF4B-00C04F79EFBC}") = "WinFormsApp1", "WinFormsApp1.csproj", "{D982CDE0-2F54-4105-ABBE-6BEE7E1BD33A}"
EndProject
Global
	GlobalSection(SolutionConfigurationPlatforms) = preSolution
		Debug|Any CPU = Debug|Any CPU
		Release|Any CPU = Release|Any CPU
	EndGlobalSection
	GlobalSection(ProjectConfigurationPlatforms) = postSolution
		{D982CDE0-2F54-4105-ABBE-6BEE7E1BD33A}.Debug|Any CPU.ActiveCfg = Debug|Any CPU
		{D982CDE0-2F54-4105-ABBE-6BEE7E1BD33A}.Debug|Any CPU.Build.0 = Debug|Any CPU
		{D982CDE0-2F54-4105-ABBE-6BEE7E1BD33A}.Release|Any CPU.ActiveCfg = Release|Any CPU
		{D982CDE0-2F54-4105-ABBE-6BEE7E1BD33A}.Release|Any CPU.Build.0 = Release|Any CPU
	EndGlobalSection
	GlobalSection(SolutionProperties) = preSolution
		HideSolutionNode = FALSE
	EndGlobalSection
	GlobalSection(ExtensibilityGlobals) = postSolution
		SolutionGuid = {E26D9EAA-770F-4CF6-9B48-8B2413B0DCFF}
	EndGlobalSection
EndGlobal
